
Microsoft Visual Studio Solution File, Format Version 12.00
# Visual Studio Version 16
VisualStudioVersion = 16.0.30717.126
MinimumVisualStudioVersion = 10.0.40219.1
Project("{FAE04EC0-301F-11D3-BF4B-00C04F79EFBC}") = "autoaccess.UWP", "autoaccess\autoaccess.UWP\autoaccess.UWP.csproj", "{084B4AA0-B2FC-4F52-9835-0C1B7707484C}"
EndProject
Project("{FAE04EC0-301F-11D3-BF4B-00C04F79EFBC}") = "autoaccess.Android", "autoaccess\autoaccess.Android\autoaccess.Android.csproj", "{D3B014FF-2A1F-46F4-AC9B-056B1BE6408C}"
EndProject
Project("{FAE04EC0-301F-11D3-BF4B-00C04F79EFBC}") = "autoaccess.iOS", "autoaccess\autoaccess.iOS\autoaccess.iOS.csproj", "{A7571113-B493-4691-AC57-6250F79C6092}"
EndProject
Project("{9A19103F-16F7-4668-BE54-9A1E7A4F7556}") = "autoaccess", "autoaccess\autoaccess\autoaccess.csproj", "{97D1800F-D959-48D0-BF90-8015E17CCB1D}"
EndProject
Project("{2150E333-8FDC-42A3-9474-1A3956D46DE8}") = "Solution Items", "Solution Items", "{42A59580-AF6E-48D8-B9D9-CA403196ECC3}"
	ProjectSection(SolutionItems) = preProject
		README.md = README.md
	EndProjectSection
EndProject
Global
	GlobalSection(SolutionConfigurationPlatforms) = preSolution
		Debug|Any CPU = Debug|Any CPU
		Debug|ARM = Debug|ARM
		Debug|iPhone = Debug|iPhone
		Debug|iPhoneSimulator = Debug|iPhoneSimulator
		Debug|x64 = Debug|x64
		Debug|x86 = Debug|x86
		Release|Any CPU = Release|Any CPU
		Release|ARM = Release|ARM
		Release|iPhone = Release|iPhone
		Release|iPhoneSimulator = Release|iPhoneSimulator
		Release|x64 = Release|x64
		Release|x86 = Release|x86
	EndGlobalSection
	GlobalSection(ProjectConfigurationPlatforms) = postSolution
		{084B4AA0-B2FC-4F52-9835-0C1B7707484C}.Debug|Any CPU.ActiveCfg = Debug|x86
		{084B4AA0-B2FC-4F52-9835-0C1B7707484C}.Debug|Any CPU.Build.0 = Debug|x86
		{084B4AA0-B2FC-4F52-9835-0C1B7707484C}.Debug|Any CPU.Deploy.0 = Debug|x86
		{084B4AA0-B2FC-4F52-9835-0C1B7707484C}.Debug|ARM.ActiveCfg = Debug|ARM
		{084B4AA0-B2FC-4F52-9835-0C1B7707484C}.Debug|ARM.Build.0 = Debug|ARM
		{084B4AA0-B2FC-4F52-9835-0C1B7707484C}.Debug|ARM.Deploy.0 = Debug|ARM
		{084B4AA0-B2FC-4F52-9835-0C1B7707484C}.Debug|iPhone.ActiveCfg = Debug|x86
		{084B4AA0-B2FC-4F52-9835-0C1B7707484C}.Debug|iPhone.Build.0 = Debug|x86
		{084B4AA0-B2FC-4F52-9835-0C1B7707484C}.Debug|iPhone.Deploy.0 = Debug|x86
		{084B4AA0-B2FC-4F52-9835-0C1B7707484C}.Debug|iPhoneSimulator.ActiveCfg = Debug|x86
		{084B4AA0-B2FC-4F52-9835-0C1B7707484C}.Debug|iPhoneSimulator.Build.0 = Debug|x86
		{084B4AA0-B2FC-4F52-9835-0C1B7707484C}.Debug|iPhoneSimulator.Deploy.0 = Debug|x86
		{084B4AA0-B2FC-4F52-9835-0C1B7707484C}.Debug|x64.ActiveCfg = Debug|x64
		{084B4AA0-B2FC-4F52-9835-0C1B7707484C}.Debug|x64.Build.0 = Debug|x64
		{084B4AA0-B2FC-4F52-9835-0C1B7707484C}.Debug|x64.Deploy.0 = Debug|x64
		{084B4AA0-B2FC-4F52-9835-0C1B7707484C}.Debug|x86.ActiveCfg = Debug|x86
		{084B4AA0-B2FC-4F52-9835-0C1B7707484C}.Debug|x86.Build.0 = Debug|x86
		{084B4AA0-B2FC-4F52-9835-0C1B7707484C}.Debug|x86.Deploy.0 = Debug|x86
		{084B4AA0-B2FC-4F52-9835-0C1B7707484C}.Release|Any CPU.ActiveCfg = Release|x86
		{084B4AA0-B2FC-4F52-9835-0C1B7707484C}.Release|Any CPU.Build.0 = Release|x86
		{084B4AA0-B2FC-4F52-9835-0C1B7707484C}.Release|Any CPU.Deploy.0 = Release|x86
		{084B4AA0-B2FC-4F52-9835-0C1B7707484C}.Release|ARM.ActiveCfg = Release|ARM
		{084B4AA0-B2FC-4F52-9835-0C1B7707484C}.Release|ARM.Build.0 = Release|ARM
		{084B4AA0-B2FC-4F52-9835-0C1B7707484C}.Release|ARM.Deploy.0 = Release|ARM
		{084B4AA0-B2FC-4F52-9835-0C1B7707484C}.Release|iPhone.ActiveCfg = Release|x86
		{084B4AA0-B2FC-4F52-9835-0C1B7707484C}.Release|iPhone.Build.0 = Release|x86
		{084B4AA0-B2FC-4F52-9835-0C1B7707484C}.Release|iPhone.Deploy.0 = Release|x86
		{084B4AA0-B2FC-4F52-9835-0C1B7707484C}.Release|iPhoneSimulator.ActiveCfg = Release|x86
		{084B4AA0-B2FC-4F52-9835-0C1B7707484C}.Release|iPhoneSimulator.Build.0 = Release|x86
		{084B4AA0-B2FC-4F52-9835-0C1B7707484C}.Release|iPhoneSimulator.Deploy.0 = Release|x86
		{084B4AA0-B2FC-4F52-9835-0C1B7707484C}.Release|x64.ActiveCfg = Release|x64
		{084B4AA0-B2FC-4F52-9835-0C1B7707484C}.Release|x64.Build.0 = Release|x64
		{084B4AA0-B2FC-4F52-9835-0C1B7707484C}.Release|x64.Deploy.0 = Release|x64
		{084B4AA0-B2FC-4F52-9835-0C1B7707484C}.Release|x86.ActiveCfg = Release|x86
		{084B4AA0-B2FC-4F52-9835-0C1B7707484C}.Release|x86.Build.0 = Release|x86
		{084B4AA0-B2FC-4F52-9835-0C1B7707484C}.Release|x86.Deploy.0 = Release|x86
		{D3B014FF-2A1F-46F4-AC9B-056B1BE6408C}.Debug|Any CPU.ActiveCfg = Debug|Any CPU
		{D3B014FF-2A1F-46F4-AC9B-056B1BE6408C}.Debug|Any CPU.Build.0 = Debug|Any CPU
		{D3B014FF-2A1F-46F4-AC9B-056B1BE6408C}.Debug|Any CPU.Deploy.0 = Debug|Any CPU
		{D3B014FF-2A1F-46F4-AC9B-056B1BE6408C}.Debug|ARM.ActiveCfg = Debug|Any CPU
		{D3B014FF-2A1F-46F4-AC9B-056B1BE6408C}.Debug|ARM.Build.0 = Debug|Any CPU
		{D3B014FF-2A1F-46F4-AC9B-056B1BE6408C}.Debug|ARM.Deploy.0 = Debug|Any CPU
		{D3B014FF-2A1F-46F4-AC9B-056B1BE6408C}.Debug|iPhone.ActiveCfg = Debug|Any CPU
		{D3B014FF-2A1F-46F4-AC9B-056B1BE6408C}.Debug|iPhone.Build.0 = Debug|Any CPU
		{D3B014FF-2A1F-46F4-AC9B-056B1BE6408C}.Debug|iPhone.Deploy.0 = Debug|Any CPU
		{D3B014FF-2A1F-46F4-AC9B-056B1BE6408C}.Debug|iPhoneSimulator.ActiveCfg = Debug|Any CPU
		{D3B014FF-2A1F-46F4-AC9B-056B1BE6408C}.Debug|iPhoneSimulator.Build.0 = Debug|Any CPU
		{D3B014FF-2A1F-46F4-AC9B-056B1BE6408C}.Debug|iPhoneSimulator.Deploy.0 = Debug|Any CPU
		{D3B014FF-2A1F-46F4-AC9B-056B1BE6408C}.Debug|x64.ActiveCfg = Debug|Any CPU
		{D3B014FF-2A1F-46F4-AC9B-056B1BE6408C}.Debug|x64.Build.0 = Debug|Any CPU
		{D3B014FF-2A1F-46F4-AC9B-056B1BE6408C}.Debug|x64.Deploy.0 = Debug|Any CPU
		{D3B014FF-2A1F-46F4-AC9B-056B1BE6408C}.Debug|x86.ActiveCfg = Debug|Any CPU
		{D3B014FF-2A1F-46F4-AC9B-056B1BE6408C}.Debug|x86.Build.0 = Debug|Any CPU
		{D3B014FF-2A1F-46F4-AC9B-056B1BE6408C}.Debug|x86.Deploy.0 = Debug|Any CPU
		{D3B014FF-2A1F-46F4-AC9B-056B1BE6408C}.Release|Any CPU.ActiveCfg = Release|Any CPU
		{D3B014FF-2A1F-46F4-AC9B-056B1BE6408C}.Release|Any CPU.Build.0 = Release|Any CPU
		{D3B014FF-2A1F-46F4-AC9B-056B1BE6408C}.Release|Any CPU.Deploy.0 = Release|Any CPU
		{D3B014FF-2A1F-46F4-AC9B-056B1BE6408C}.Release|ARM.ActiveCfg = Release|Any CPU
		{D3B014FF-2A1F-46F4-AC9B-056B1BE6408C}.Release|ARM.Build.0 = Release|Any CPU
		{D3B014FF-2A1F-46F4-AC9B-056B1BE6408C}.Release|ARM.Deploy.0 = Release|Any CPU
		{D3B014FF-2A1F-46F4-AC9B-056B1BE6408C}.Release|iPhone.ActiveCfg = Release|Any CPU
		{D3B014FF-2A1F-46F4-AC9B-056B1BE6408C}.Release|iPhone.Build.0 = Release|Any CPU
		{D3B014FF-2A1F-46F4-AC9B-056B1BE6408C}.Release|iPhone.Deploy.0 = Release|Any CPU
		{D3B014FF-2A1F-46F4-AC9B-056B1BE6408C}.Release|iPhoneSimulator.ActiveCfg = Release|Any CPU
		{D3B014FF-2A1F-46F4-AC9B-056B1BE6408C}.Release|iPhoneSimulator.Build.0 = Release|Any CPU
		{D3B014FF-2A1F-46F4-AC9B-056B1BE6408C}.Release|iPhoneSimulator.Deploy.0 = Release|Any CPU
		{D3B014FF-2A1F-46F4-AC9B-056B1BE6408C}.Release|x64.ActiveCfg = Release|Any CPU
		{D3B014FF-2A1F-46F4-AC9B-056B1BE6408C}.Release|x64.Build.0 = Release|Any CPU
		{D3B014FF-2A1F-46F4-AC9B-056B1BE6408C}.Release|x64.Deploy.0 = Release|Any CPU
		{D3B014FF-2A1F-46F4-AC9B-056B1BE6408C}.Release|x86.ActiveCfg = Release|Any CPU
		{D3B014FF-2A1F-46F4-AC9B-056B1BE6408C}.Release|x86.Build.0 = Release|Any CPU
		{D3B014FF-2A1F-46F4-AC9B-056B1BE6408C}.Release|x86.Deploy.0 = Release|Any CPU
		{A7571113-B493-4691-AC57-6250F79C6092}.Debug|Any CPU.ActiveCfg = Debug|iPhoneSimulator
		{A7571113-B493-4691-AC57-6250F79C6092}.Debug|Any CPU.Build.0 = Debug|iPhoneSimulator
		{A7571113-B493-4691-AC57-6250F79C6092}.Debug|Any CPU.Deploy.0 = Debug|iPhoneSimulator
		{A7571113-B493-4691-AC57-6250F79C6092}.Debug|ARM.ActiveCfg = Debug|iPhone
		{A7571113-B493-4691-AC57-6250F79C6092}.Debug|ARM.Build.0 = Debug|iPhone
		{A7571113-B493-4691-AC57-6250F79C6092}.Debug|ARM.Deploy.0 = Debug|iPhone
		{A7571113-B493-4691-AC57-6250F79C6092}.Debug|iPhone.ActiveCfg = Debug|iPhone
		{A7571113-B493-4691-AC57-6250F79C6092}.Debug|iPhone.Build.0 = Debug|iPhone
		{A7571113-B493-4691-AC57-6250F79C6092}.Debug|iPhone.Deploy.0 = Debug|iPhone
		{A7571113-B493-4691-AC57-6250F79C6092}.Debug|iPhoneSimulator.ActiveCfg = Debug|iPhoneSimulator
		{A7571113-B493-4691-AC57-6250F79C6092}.Debug|iPhoneSimulator.Build.0 = Debug|iPhoneSimulator
		{A7571113-B493-4691-AC57-6250F79C6092}.Debug|iPhoneSimulator.Deploy.0 = Debug|iPhoneSimulator
		{A7571113-B493-4691-AC57-6250F79C6092}.Debug|x64.ActiveCfg = Debug|iPhoneSimulator
		{A7571113-B493-4691-AC57-6250F79C6092}.Debug|x64.Build.0 = Debug|iPhoneSimulator
		{A7571113-B493-4691-AC57-6250F79C6092}.Debug|x64.Deploy.0 = Debug|iPhoneSimulator
		{A7571113-B493-4691-AC57-6250F79C6092}.Debug|x86.ActiveCfg = Debug|iPhoneSimulator
		{A7571113-B493-4691-AC57-6250F79C6092}.Debug|x86.Build.0 = Debug|iPhoneSimulator
		{A7571113-B493-4691-AC57-6250F79C6092}.Debug|x86.Deploy.0 = Debug|iPhoneSimulator
		{A7571113-B493-4691-AC57-6250F79C6092}.Release|Any CPU.ActiveCfg = Release|iPhoneSimulator
		{A7571113-B493-4691-AC57-6250F79C6092}.Release|Any CPU.Build.0 = Release|iPhoneSimulator
		{A7571113-B493-4691-AC57-6250F79C6092}.Release|Any CPU.Deploy.0 = Release|iPhoneSimulator
		{A7571113-B493-4691-AC57-6250F79C6092}.Release|ARM.ActiveCfg = Release|iPhoneSimulator
		{A7571113-B493-4691-AC57-6250F79C6092}.Release|ARM.Build.0 = Release|iPhoneSimulator
		{A7571113-B493-4691-AC57-6250F79C6092}.Release|ARM.Deploy.0 = Release|iPhoneSimulator
		{A7571113-B493-4691-AC57-6250F79C6092}.Release|iPhone.ActiveCfg = Release|iPhone
		{A7571113-B493-4691-AC57-6250F79C6092}.Release|iPhone.Build.0 = Release|iPhone
		{A7571113-B493-4691-AC57-6250F79C6092}.Release|iPhone.Deploy.0 = Release|iPhone
		{A7571113-B493-4691-AC57-6250F79C6092}.Release|iPhoneSimulator.ActiveCfg = Release|iPhoneSimulator
		{A7571113-B493-4691-AC57-6250F79C6092}.Release|iPhoneSimulator.Build.0 = Release|iPhoneSimulator
		{A7571113-B493-4691-AC57-6250F79C6092}.Release|iPhoneSimulator.Deploy.0 = Release|iPhoneSimulator
		{A7571113-B493-4691-AC57-6250F79C6092}.Release|x64.ActiveCfg = Release|iPhoneSimulator
		{A7571113-B493-4691-AC57-6250F79C6092}.Release|x64.Build.0 = Release|iPhoneSimulator
		{A7571113-B493-4691-AC57-6250F79C6092}.Release|x64.Deploy.0 = Release|iPhoneSimulator
		{A7571113-B493-4691-AC57-6250F79C6092}.Release|x86.ActiveCfg = Release|iPhoneSimulator
		{A7571113-B493-4691-AC57-6250F79C6092}.Release|x86.Build.0 = Release|iPhoneSimulator
		{A7571113-B493-4691-AC57-6250F79C6092}.Release|x86.Deploy.0 = Release|iPhoneSimulator
		{97D1800F-D959-48D0-BF90-8015E17CCB1D}.Debug|Any CPU.ActiveCfg = Debug|Any CPU
		{97D1800F-D959-48D0-BF90-8015E17CCB1D}.Debug|Any CPU.Build.0 = Debug|Any CPU
		{97D1800F-D959-48D0-BF90-8015E17CCB1D}.Debug|Any CPU.Deploy.0 = Debug|Any CPU
		{97D1800F-D959-48D0-BF90-8015E17CCB1D}.Debug|ARM.ActiveCfg = Debug|Any CPU
		{97D1800F-D959-48D0-BF90-8015E17CCB1D}.Debug|ARM.Build.0 = Debug|Any CPU
		{97D1800F-D959-48D0-BF90-8015E17CCB1D}.Debug|ARM.Deploy.0 = Debug|Any CPU
		{97D1800F-D959-48D0-BF90-8015E17CCB1D}.Debug|iPhone.ActiveCfg = Debug|Any CPU
		{97D1800F-D959-48D0-BF90-8015E17CCB1D}.Debug|iPhone.Build.0 = Debug|Any CPU
		{97D1800F-D959-48D0-BF90-8015E17CCB1D}.Debug|iPhone.Deploy.0 = Debug|Any CPU
		{97D1800F-D959-48D0-BF90-8015E17CCB1D}.Debug|iPhoneSimulator.ActiveCfg = Debug|Any CPU
		{97D1800F-D959-48D0-BF90-8015E17CCB1D}.Debug|iPhoneSimulator.Build.0 = Debug|Any CPU
		{97D1800F-D959-48D0-BF90-8015E17CCB1D}.Debug|iPhoneSimulator.Deploy.0 = Debug|Any CPU
		{97D1800F-D959-48D0-BF90-8015E17CCB1D}.Debug|x64.ActiveCfg = Debug|Any CPU
		{97D1800F-D959-48D0-BF90-8015E17CCB1D}.Debug|x64.Build.0 = Debug|Any CPU
		{97D1800F-D959-48D0-BF90-8015E17CCB1D}.Debug|x64.Deploy.0 = Debug|Any CPU
		{97D1800F-D959-48D0-BF90-8015E17CCB1D}.Debug|x86.ActiveCfg = Debug|Any CPU
		{97D1800F-D959-48D0-BF90-8015E17CCB1D}.Debug|x86.Build.0 = Debug|Any CPU
		{97D1800F-D959-48D0-BF90-8015E17CCB1D}.Debug|x86.Deploy.0 = Debug|Any CPU
		{97D1800F-D959-48D0-BF90-8015E17CCB1D}.Release|Any CPU.ActiveCfg = Release|Any CPU
		{97D1800F-D959-48D0-BF90-8015E17CCB1D}.Release|Any CPU.Build.0 = Release|Any CPU
		{97D1800F-D959-48D0-BF90-8015E17CCB1D}.Release|Any CPU.Deploy.0 = Release|Any CPU
		{97D1800F-D959-48D0-BF90-8015E17CCB1D}.Release|ARM.ActiveCfg = Release|Any CPU
		{97D1800F-D959-48D0-BF90-8015E17CCB1D}.Release|ARM.Build.0 = Release|Any CPU
		{97D1800F-D959-48D0-BF90-8015E17CCB1D}.Release|ARM.Deploy.0 = Release|Any CPU
		{97D1800F-D959-48D0-BF90-8015E17CCB1D}.Release|iPhone.ActiveCfg = Release|Any CPU
		{97D1800F-D959-48D0-BF90-8015E17CCB1D}.Release|iPhone.Build.0 = Release|Any CPU
		{97D1800F-D959-48D0-BF90-8015E17CCB1D}.Release|iPhone.Deploy.0 = Release|Any CPU
		{97D1800F-D959-48D0-BF90-8015E17CCB1D}.Release|iPhoneSimulator.ActiveCfg = Release|Any CPU
		{97D1800F-D959-48D0-BF90-8015E17CCB1D}.Release|iPhoneSimulator.Build.0 = Release|Any CPU
		{97D1800F-D959-48D0-BF90-8015E17CCB1D}.Release|iPhoneSimulator.Deploy.0 = Release|Any CPU
		{97D1800F-D959-48D0-BF90-8015E17CCB1D}.Release|x64.ActiveCfg = Release|Any CPU
		{97D1800F-D959-48D0-BF90-8015E17CCB1D}.Release|x64.Build.0 = Release|Any CPU
		{97D1800F-D959-48D0-BF90-8015E17CCB1D}.Release|x64.Deploy.0 = Release|Any CPU
		{97D1800F-D959-48D0-BF90-8015E17CCB1D}.Release|x86.ActiveCfg = Release|Any CPU
		{97D1800F-D959-48D0-BF90-8015E17CCB1D}.Release|x86.Build.0 = Release|Any CPU
		{97D1800F-D959-48D0-BF90-8015E17CCB1D}.Release|x86.Deploy.0 = Release|Any CPU
	EndGlobalSection
	GlobalSection(SolutionProperties) = preSolution
		HideSolutionNode = FALSE
	EndGlobalSection
	GlobalSection(ExtensibilityGlobals) = postSolution
		SolutionGuid = {EAC9D508-18C6-4723-B9CC-BFE194D3D608}
	EndGlobalSection
EndGlobal
